<?xml version="1.0" encoding="utf-8"?>
<Project ToolsVersion="4.0" xmlns="http://schemas.microsoft.com/developer/msbuild/2003">
  <ItemGroup>
    <Filter Include="Strife">
      <UniqueIdentifier>{D29AEED1-BE3C-19A8-A7F7-2CFC9338A0F8}</UniqueIdentifier>
    </Filter>
    <Filter Include="Strife\Events">
      <UniqueIdentifier>{76A6B3CD-E266-2F04-ABA1-7881172174E0}</UniqueIdentifier>
    </Filter>
  </ItemGroup>
  <ItemGroup>
    <ClInclude Include="src\Strife.h" />
    <ClInclude Include="src\Strife\Application.h">
      <Filter>Strife</Filter>
    </ClInclude>
    <ClInclude Include="src\Strife\Core.h">
      <Filter>Strife</Filter>
    </ClInclude>
    <ClInclude Include="src\Strife\EntryPoint.h">
      <Filter>Strife</Filter>
    </ClInclude>
    <ClInclude Include="src\Strife\Events\ApplicationEvent.h">
      <Filter>Strife\Events</Filter>
    </ClInclude>
    <ClInclude Include="src\Strife\Events\Event.h">
      <Filter>Strife\Events</Filter>
    </ClInclude>
    <ClInclude Include="src\Strife\Events\KeyEvent.h">
      <Filter>Strife\Events</Filter>
    </ClInclude>
    <ClInclude Include="src\Strife\Events\MouseEvent.h">
      <Filter>Strife\Events</Filter>
    </ClInclude>
    <ClInclude Include="src\Strife\Log.h">
      <Filter>Strife</Filter>
    </ClInclude>
    <ClInclude Include="src\stpch.h" />
  </ItemGroup>
  <ItemGroup>
    <ClCompile Include="src\Strife\Application.cpp">
      <Filter>Strife</Filter>
    </ClCompile>
    <ClCompile Include="src\Strife\Log.cpp">
      <Filter>Strife</Filter>
    </ClCompile>
    <ClCompile Include="src\stpch.cpp" />
  </ItemGroup>
</Project>